
Microsoft Visual Studio Solution File, Format Version 12.00
# Visual Studio 2013
VisualStudioVersion = 12.0.40629.0
MinimumVisualStudioVersion = 10.0.40219.1
Project("{E24C65DC-7377-472B-9ABA-BC803B73C61A}") = "eResturantWebSite", "http://localhost:52692", "{3A8111CF-BED6-4B24-BF23-A604EBD207D4}"
	ProjectSection(WebsiteProperties) = preProject
		UseIISExpress = "true"
		TargetFrameworkMoniker = ".NETFramework,Version%3Dv4.5"
		ProjectReferences = "{824c7f5b-3643-4294-96c5-c336e4f8ecc5}|eRestaurantSystem.dll;"
		Debug.AspNetCompiler.VirtualPath = "/localhost_52692"
		Debug.AspNetCompiler.PhysicalPath = "eResturantWebSite\"
		Debug.AspNetCompiler.TargetPath = "PrecompiledWeb\localhost_52692\"
		Debug.AspNetCompiler.Updateable = "true"
		Debug.AspNetCompiler.ForceOverwrite = "true"
		Debug.AspNetCompiler.FixedNames = "false"
		Debug.AspNetCompiler.Debug = "True"
		Release.AspNetCompiler.VirtualPath = "/localhost_52692"
		Release.AspNetCompiler.PhysicalPath = "eResturantWebSite\"
		Release.AspNetCompiler.TargetPath = "PrecompiledWeb\localhost_52692\"
		Release.AspNetCompiler.Updateable = "true"
		Release.AspNetCompiler.ForceOverwrite = "true"
		Release.AspNetCompiler.FixedNames = "false"
		Release.AspNetCompiler.Debug = "False"
		SlnRelativePath = "eResturantWebSite\"
		DefaultWebSiteLanguage = "Visual C#"
	EndProjectSection
EndProject
Project("{FAE04EC0-301F-11D3-BF4B-00C04F79EFBC}") = "eRestaurantSystem", "eRestaurantSystem\eRestaurantSystem.csproj", "{824C7F5B-3643-4294-96C5-C336E4F8ECC5}"
EndProject
Global
	GlobalSection(SolutionConfigurationPlatforms) = preSolution
		Debug|Any CPU = Debug|Any CPU
		Release|Any CPU = Release|Any CPU
	EndGlobalSection
	GlobalSection(ProjectConfigurationPlatforms) = postSolution
		{3A8111CF-BED6-4B24-BF23-A604EBD207D4}.Debug|Any CPU.ActiveCfg = Debug|Any CPU
		{3A8111CF-BED6-4B24-BF23-A604EBD207D4}.Debug|Any CPU.Build.0 = Debug|Any CPU
		{3A8111CF-BED6-4B24-BF23-A604EBD207D4}.Release|Any CPU.ActiveCfg = Debug|Any CPU
		{3A8111CF-BED6-4B24-BF23-A604EBD207D4}.Release|Any CPU.Build.0 = Debug|Any CPU
		{824C7F5B-3643-4294-96C5-C336E4F8ECC5}.Debug|Any CPU.ActiveCfg = Debug|Any CPU
		{824C7F5B-3643-4294-96C5-C336E4F8ECC5}.Debug|Any CPU.Build.0 = Debug|Any CPU
		{824C7F5B-3643-4294-96C5-C336E4F8ECC5}.Release|Any CPU.ActiveCfg = Release|Any CPU
		{824C7F5B-3643-4294-96C5-C336E4F8ECC5}.Release|Any CPU.Build.0 = Release|Any CPU
	EndGlobalSection
	GlobalSection(SolutionProperties) = preSolution
		HideSolutionNode = FALSE
	EndGlobalSection
EndGlobal
